
Microsoft Visual Studio Solution File, Format Version 12.00
# Visual Studio Version 18
VisualStudioVersion = 18.2.11415.280 d18.0
MinimumVisualStudioVersion = 10.0.40219.1
Project("{2150E333-8FDC-42A3-9474-1A3956D46DE8}") = "90 - Run", "90 - Run", "{3796BFBB-2086-4FA0-B51F-EB3B762CD27E}"
EndProject
Project("{2150E333-8FDC-42A3-9474-1A3956D46DE8}") = "20 - Services", "20 - Services", "{543A71D9-101F-474D-AC2F-033605F9EE60}"
EndProject
Project("{2150E333-8FDC-42A3-9474-1A3956D46DE8}") = "Solution Items", "Solution Items", "{B915596C-3C97-4D8E-9366-5DC13F5833C1}"
EndProject
Project("{FAE04EC0-301F-11D3-BF4B-00C04F79EFBC}") = "Shape2SqlServer.Core", "MapBind.IO\Shape2SqlServer.Core.csproj", "{9E8B1F9F-A74F-4CB8-86A4-442DE63B6287}"
EndProject
Project("{FAE04EC0-301F-11D3-BF4B-00C04F79EFBC}") = "Shape2SqlServer", "MapBind.ShapeFileToSqlServer\Shape2SqlServer.csproj", "{60E32081-9A58-40A4-B57F-C1F1033334A5}"
EndProject
Global
	GlobalSection(SolutionConfigurationPlatforms) = preSolution
		Debug|Any CPU = Debug|Any CPU
		Debug|Mixed Platforms = Debug|Mixed Platforms
		Debug|x86 = Debug|x86
		Release|Any CPU = Release|Any CPU
		Release|Mixed Platforms = Release|Mixed Platforms
		Release|x86 = Release|x86
	EndGlobalSection
	GlobalSection(ProjectConfigurationPlatforms) = postSolution
		{9E8B1F9F-A74F-4CB8-86A4-442DE63B6287}.Debug|Any CPU.ActiveCfg = Debug|Any CPU
		{9E8B1F9F-A74F-4CB8-86A4-442DE63B6287}.Debug|Any CPU.Build.0 = Debug|Any CPU
		{9E8B1F9F-A74F-4CB8-86A4-442DE63B6287}.Debug|Mixed Platforms.ActiveCfg = Debug|Any CPU
		{9E8B1F9F-A74F-4CB8-86A4-442DE63B6287}.Debug|Mixed Platforms.Build.0 = Debug|Any CPU
		{9E8B1F9F-A74F-4CB8-86A4-442DE63B6287}.Debug|x86.ActiveCfg = Debug|Any CPU
		{9E8B1F9F-A74F-4CB8-86A4-442DE63B6287}.Release|Any CPU.ActiveCfg = Release|Any CPU
		{9E8B1F9F-A74F-4CB8-86A4-442DE63B6287}.Release|Any CPU.Build.0 = Release|Any CPU
		{9E8B1F9F-A74F-4CB8-86A4-442DE63B6287}.Release|Mixed Platforms.ActiveCfg = Release|Any CPU
		{9E8B1F9F-A74F-4CB8-86A4-442DE63B6287}.Release|Mixed Platforms.Build.0 = Release|Any CPU
		{9E8B1F9F-A74F-4CB8-86A4-442DE63B6287}.Release|x86.ActiveCfg = Release|Any CPU
		{9E8B1F9F-A74F-4CB8-86A4-442DE63B6287}.Release|x86.Build.0 = Release|Any CPU
		{60E32081-9A58-40A4-B57F-C1F1033334A5}.Debug|Any CPU.ActiveCfg = Debug|Any CPU
		{60E32081-9A58-40A4-B57F-C1F1033334A5}.Debug|Any CPU.Build.0 = Debug|Any CPU
		{60E32081-9A58-40A4-B57F-C1F1033334A5}.Debug|Mixed Platforms.ActiveCfg = Debug|x86
		{60E32081-9A58-40A4-B57F-C1F1033334A5}.Debug|Mixed Platforms.Build.0 = Debug|x86
		{60E32081-9A58-40A4-B57F-C1F1033334A5}.Debug|x86.ActiveCfg = Debug|x86
		{60E32081-9A58-40A4-B57F-C1F1033334A5}.Debug|x86.Build.0 = Debug|x86
		{60E32081-9A58-40A4-B57F-C1F1033334A5}.Release|Any CPU.ActiveCfg = Release|Any CPU
		{60E32081-9A58-40A4-B57F-C1F1033334A5}.Release|Any CPU.Build.0 = Release|Any CPU
		{60E32081-9A58-40A4-B57F-C1F1033334A5}.Release|Mixed Platforms.ActiveCfg = Release|x86
		{60E32081-9A58-40A4-B57F-C1F1033334A5}.Release|Mixed Platforms.Build.0 = Release|x86
		{60E32081-9A58-40A4-B57F-C1F1033334A5}.Release|x86.ActiveCfg = Release|x86
		{60E32081-9A58-40A4-B57F-C1F1033334A5}.Release|x86.Build.0 = Release|x86
	EndGlobalSection
	GlobalSection(SolutionProperties) = preSolution
		HideSolutionNode = FALSE
	EndGlobalSection
	GlobalSection(NestedProjects) = preSolution
		{9E8B1F9F-A74F-4CB8-86A4-442DE63B6287} = {543A71D9-101F-474D-AC2F-033605F9EE60}
		{60E32081-9A58-40A4-B57F-C1F1033334A5} = {3796BFBB-2086-4FA0-B51F-EB3B762CD27E}
	EndGlobalSection
	GlobalSection(ExtensibilityGlobals) = postSolution
		SolutionGuid = {793BEF3B-6482-4C3A-85E3-63379F369644}
	EndGlobalSection
EndGlobal
